
Microsoft Visual Studio Solution File, Format Version 12.00
# Visual Studio Version 17
VisualStudioVersion = 17.5.33516.290
MinimumVisualStudioVersion = 10.0.40219.1
Project("{FAE04EC0-301F-11D3-BF4B-00C04F79EFBC}") = "HD_Motor_Service", "HD_Motor_Service.csproj", "{BB4B0858-FF5F-4CE8-A3ED-52BADED67D2B}"
EndProject
Project("{FAE04EC0-301F-11D3-BF4B-00C04F79EFBC}") = "BusinessModels", "..\BusinessModels\BusinessModels.csproj", "{08F8DC0A-9558-4893-8489-313FE62C41A5}"
EndProject
Project("{FAE04EC0-301F-11D3-BF4B-00C04F79EFBC}") = "DataModels", "..\DataModels\DataModels.csproj", "{75709F07-8046-4228-B21D-FCBFA930B6EA}"
EndProject
Project("{FAE04EC0-301F-11D3-BF4B-00C04F79EFBC}") = "Interfaces", "..\BusinessServices\Interfaces\Interfaces.csproj", "{5813BD22-A607-4E9B-BEA9-BA2B595B47D6}"
EndProject
Project("{FAE04EC0-301F-11D3-BF4B-00C04F79EFBC}") = "Services", "..\BusinessServices\Services\Services.csproj", "{BAB72505-2180-4D07-9BBE-7F66CC3C501C}"
EndProject
Global
	GlobalSection(SolutionConfigurationPlatforms) = preSolution
		Debug|Any CPU = Debug|Any CPU
		Release|Any CPU = Release|Any CPU
	EndGlobalSection
	GlobalSection(ProjectConfigurationPlatforms) = postSolution
		{BB4B0858-FF5F-4CE8-A3ED-52BADED67D2B}.Debug|Any CPU.ActiveCfg = Debug|Any CPU
		{BB4B0858-FF5F-4CE8-A3ED-52BADED67D2B}.Debug|Any CPU.Build.0 = Debug|Any CPU
		{BB4B0858-FF5F-4CE8-A3ED-52BADED67D2B}.Release|Any CPU.ActiveCfg = Release|Any CPU
		{BB4B0858-FF5F-4CE8-A3ED-52BADED67D2B}.Release|Any CPU.Build.0 = Release|Any CPU
		{08F8DC0A-9558-4893-8489-313FE62C41A5}.Debug|Any CPU.ActiveCfg = Debug|Any CPU
		{08F8DC0A-9558-4893-8489-313FE62C41A5}.Debug|Any CPU.Build.0 = Debug|Any CPU
		{08F8DC0A-9558-4893-8489-313FE62C41A5}.Release|Any CPU.ActiveCfg = Release|Any CPU
		{08F8DC0A-9558-4893-8489-313FE62C41A5}.Release|Any CPU.Build.0 = Release|Any CPU
		{75709F07-8046-4228-B21D-FCBFA930B6EA}.Debug|Any CPU.ActiveCfg = Debug|Any CPU
		{75709F07-8046-4228-B21D-FCBFA930B6EA}.Debug|Any CPU.Build.0 = Debug|Any CPU
		{75709F07-8046-4228-B21D-FCBFA930B6EA}.Release|Any CPU.ActiveCfg = Release|Any CPU
		{75709F07-8046-4228-B21D-FCBFA930B6EA}.Release|Any CPU.Build.0 = Release|Any CPU
		{5813BD22-A607-4E9B-BEA9-BA2B595B47D6}.Debug|Any CPU.ActiveCfg = Debug|Any CPU
		{5813BD22-A607-4E9B-BEA9-BA2B595B47D6}.Debug|Any CPU.Build.0 = Debug|Any CPU
		{5813BD22-A607-4E9B-BEA9-BA2B595B47D6}.Release|Any CPU.ActiveCfg = Release|Any CPU
		{5813BD22-A607-4E9B-BEA9-BA2B595B47D6}.Release|Any CPU.Build.0 = Release|Any CPU
		{BAB72505-2180-4D07-9BBE-7F66CC3C501C}.Debug|Any CPU.ActiveCfg = Debug|Any CPU
		{BAB72505-2180-4D07-9BBE-7F66CC3C501C}.Debug|Any CPU.Build.0 = Debug|Any CPU
		{BAB72505-2180-4D07-9BBE-7F66CC3C501C}.Release|Any CPU.ActiveCfg = Release|Any CPU
		{BAB72505-2180-4D07-9BBE-7F66CC3C501C}.Release|Any CPU.Build.0 = Release|Any CPU
	EndGlobalSection
	GlobalSection(SolutionProperties) = preSolution
		HideSolutionNode = FALSE
	EndGlobalSection
	GlobalSection(ExtensibilityGlobals) = postSolution
		SolutionGuid = {A63AE01E-9761-4A29-BF99-30CE979A2747}
	EndGlobalSection
EndGlobal
